// !$*UTF8*$!
{
	archiveVersion = 1;
	classes = {
	};
	objectVersion = 50;
	objects = {

/* Begin PBXBuildFile section */
		57C74687255904DB006A7BAF /* AppDelegate.swift in Sources */ = {isa = PBXBuildFile; fileRef = 57C74686255904DB006A7BAF /* AppDelegate.swift */; };
		57C74689255904DB006A7BAF /* SceneDelegate.swift in Sources */ = {isa = PBXBuildFile; fileRef = 57C74688255904DB006A7BAF /* SceneDelegate.swift */; };
		57C7468B255904DB006A7BAF /* ViewController.swift in Sources */ = {isa = PBXBuildFile; fileRef = 57C7468A255904DB006A7BAF /* ViewController.swift */; };
		57C7468E255904DB006A7BAF /* Main.storyboard in Resources */ = {isa = PBXBuildFile; fileRef = 57C7468C255904DB006A7BAF /* Main.storyboard */; };
		57C74690255904DC006A7BAF /* Assets.xcassets in Resources */ = {isa = PBXBuildFile; fileRef = 57C7468F255904DC006A7BAF /* Assets.xcassets */; };
		57C74693255904DC006A7BAF /* LaunchScreen.storyboard in Resources */ = {isa = PBXBuildFile; fileRef = 57C74691255904DC006A7BAF /* LaunchScreen.storyboard */; };
		57D39011255EB28300497BF0 /* FunctionViewController.swift in Sources */ = {isa = PBXBuildFile; fileRef = 57D39010255EB28300497BF0 /* FunctionViewController.swift */; };
/* End PBXBuildFile section */

/* Begin PBXFileReference section */
		57C74683255904DB006A7BAF /* dummyplaygroundiOS.app */ = {isa = PBXFileReference; explicitFileType = wrapper.application; includeInIndex = 0; path = dummyplaygroundiOS.app; sourceTree = BUILT_PRODUCTS_DIR; };
		57C74686255904DB006A7BAF /* AppDelegate.swift */ = {isa = PBXFileReference; lastKnownFileType = sourcecode.swift; path = AppDelegate.swift; sourceTree = "<group>"; };
		57C74688255904DB006A7BAF /* SceneDelegate.swift */ = {isa = PBXFileReference; lastKnownFileType = sourcecode.swift; path = SceneDelegate.swift; sourceTree = "<group>"; };
		57C7468A255904DB006A7BAF /* ViewController.swift */ = {isa = PBXFileReference; lastKnownFileType = sourcecode.swift; path = ViewController.swift; sourceTree = "<group>"; };
		57C7468D255904DB006A7BAF /* Base */ = {isa = PBXFileReference; lastKnownFileType = file.storyboard; name = Base; path = Base.lproj/Main.storyboard; sourceTree = "<group>"; };
		57C7468F255904DC006A7BAF /* Assets.xcassets */ = {isa = PBXFileReference; lastKnownFileType = folder.assetcatalog; path = Assets.xcassets; sourceTree = "<group>"; };
		57C74692255904DC006A7BAF /* Base */ = {isa = PBXFileReference; lastKnownFileType = file.storyboard; name = Base; path = Base.lproj/LaunchScreen.storyboard; sourceTree = "<group>"; };
		57C74694255904DC006A7BAF /* Info.plist */ = {isa = PBXFileReference; lastKnownFileType = text.plist.xml; path = Info.plist; sourceTree = "<group>"; };
		57D39010255EB28300497BF0 /* FunctionViewController.swift */ = {isa = PBXFileReference; lastKnownFileType = sourcecode.swift; path = FunctionViewController.swift; sourceTree = "<group>"; };
/* End PBXFileReference section */

/* Begin PBXFrameworksBuildPhase section */
		57C74680255904DB006A7BAF /* Frameworks */ = {
			isa = PBXFrameworksBuildPhase;
			buildActionMask = 2147483647;
			files = (
			);
			runOnlyForDeploymentPostprocessing = 0;
		};
/* End PBXFrameworksBuildPhase section */

/* Begin PBXGroup section */
		57C7467A255904DB006A7BAF = {
			isa = PBXGroup;
			children = (
				57C74685255904DB006A7BAF /* dummyplaygroundiOS */,
				57C74684255904DB006A7BAF /* Products */,
			);
			sourceTree = "<group>";
		};
		57C74684255904DB006A7BAF /* Products */ = {
			isa = PBXGroup;
			children = (
				57C74683255904DB006A7BAF /* dummyplaygroundiOS.app */,
			);
			name = Products;
			sourceTree = "<group>";
		};
		57C74685255904DB006A7BAF /* dummyplaygroundiOS */ = {
			isa = PBXGroup;
			children = (
				57C74686255904DB006A7BAF /* AppDelegate.swift */,
				57C74688255904DB006A7BAF /* SceneDelegate.swift */,
				57C7468A255904DB006A7BAF /* ViewController.swift */,
				57C7468C255904DB006A7BAF /* Main.storyboard */,
				57C7468F255904DC006A7BAF /* Assets.xcassets */,
				57C74691255904DC006A7BAF /* LaunchScreen.storyboard */,
				57C74694255904DC006A7BAF /* Info.plist */,
				57D39010255EB28300497BF0 /* FunctionViewController.swift */,
			);
			path = dummyplaygroundiOS;
			sourceTree = "<group>";
		};
/* End PBXGroup section */

/* Begin PBXNativeTarget section */
		57C74682255904DB006A7BAF /* dummyplaygroundiOS */ = {
			isa = PBXNativeTarget;
			buildConfigurationList = 57C74697255904DC006A7BAF /* Build configuration list for PBXNativeTarget "dummyplaygroundiOS" */;
			buildPhases = (
				57C7467F255904DB006A7BAF /* Sources */,
				57C74680255904DB006A7BAF /* Frameworks */,
				57C74681255904DB006A7BAF /* Resources */,
			);
			buildRules = (
			);
			dependencies = (
			);
			name = dummyplaygroundiOS;
			productName = dummyplaygroundiOS;
			productReference = 57C74683255904DB006A7BAF /* dummyplaygroundiOS.app */;
			productType = "com.apple.product-type.application";
		};
/* End PBXNativeTarget section */

/* Begin PBXProject section */
		57C7467B255904DB006A7BAF /* Project object */ = {
			isa = PBXProject;
			attributes = {
				LastSwiftUpdateCheck = 1210;
				LastUpgradeCheck = 1210;
				TargetAttributes = {
					57C74682255904DB006A7BAF = {
						CreatedOnToolsVersion = 12.1;
					};
				};
			};
			buildConfigurationList = 57C7467E255904DB006A7BAF /* Build configuration list for PBXProject "dummyplaygroundiOS" */;
			compatibilityVersion = "Xcode 9.3";
			developmentRegion = en;
			hasScannedForEncodings = 0;
			knownRegions = (
				en,
				Base,
			);
			mainGroup = 57C7467A255904DB006A7BAF;
			productRefGroup = 57C74684255904DB006A7BAF /* Products */;
			projectDirPath = "";
			projectRoot = "";
			targets = (
				57C74682255904DB006A7BAF /* dummyplaygroundiOS */,
			);
		};
/* End PBXProject section */

/* Begin PBXResourcesBuildPhase section */
		57C74681255904DB006A7BAF /* Resources */ = {
			isa = PBXResourcesBuildPhase;
			buildActionMask = 2147483647;
			files = (
				57C74693255904DC006A7BAF /* LaunchScreen.storyboard in Resources */,
				57C74690255904DC006A7BAF /* Assets.xcassets in Resources */,
				57C7468E255904DB006A7BAF /* Main.storyboard in Resources */,
			);
			runOnlyForDeploymentPostprocessing = 0;
		};
/* End PBXResourcesBuildPhase section */

/* Begin PBXSourcesBuildPhase section */
		57C7467F255904DB006A7BAF /* Sources */ = {
			isa = PBXSourcesBuildPhase;
			buildActionMask = 2147483647;
			files = (
				57D39011255EB28300497BF0 /* FunctionViewController.swift in Sources */,
				57C7468B255904DB006A7BAF /* ViewController.swift in Sources */,
				57C74687255904DB006A7BAF /* AppDelegate.swift in Sources */,
				57C74689255904DB006A7BAF /* SceneDelegate.swift in Sources */,
			);
			runOnlyForDeploymentPostprocessing = 0;
		};
/* End PBXSourcesBuildPhase section */

/* Begin PBXVariantGroup section */
		57C7468C255904DB006A7BAF /* Main.storyboard */ = {
			isa = PBXVariantGroup;
			children = (
				57C7468D255904DB006A7BAF /* Base */,
			);
			name = Main.storyboard;
			sourceTree = "<group>";
		};
		57C74691255904DC006A7BAF /* LaunchScreen.storyboard */ = {
			isa = PBXVariantGroup;
			children = (
				57C74692255904DC006A7BAF /* Base */,
			);
			name = LaunchScreen.storyboard;
			sourceTree = "<group>";
		};
/* End PBXVariantGroup section */

/* Begin XCBuildConfiguration section */
		57C74695255904DC006A7BAF /* Debug */ = {
			isa = XCBuildConfiguration;
			buildSettings = {
				ALWAYS_SEARCH_USER_PATHS = NO;
				CLANG_ANALYZER_NONNULL = YES;
				CLANG_ANALYZER_NUMBER_OBJECT_CONVERSION = YES_AGGRESSIVE;
				CLANG_CXX_LANGUAGE_STANDARD = "gnu++14";
				CLANG_CXX_LIBRARY = "libc++";
				CLANG_ENABLE_MODULES = YES;
				CLANG_ENABLE_OBJC_ARC = YES;
				CLANG_ENABLE_OBJC_WEAK = YES;
				CLANG_WARN_BLOCK_CAPTURE_AUTORELEASING = YES;
				CLANG_WARN_BOOL_CONVERSION = YES;
				CLANG_WARN_COMMA = YES;
				CLANG_WARN_CONSTANT_CONVERSION = YES;
				CLANG_WARN_DEPRECATED_OBJC_IMPLEMENTATIONS = YES;
				CLANG_WARN_DIRECT_OBJC_ISA_USAGE = YES_ERROR;
				CLANG_WARN_DOCUMENTATION_COMMENTS = YES;
				CLANG_WARN_EMPTY_BODY = YES;
				CLANG_WARN_ENUM_CONVERSION = YES;
				CLANG_WARN_INFINITE_RECURSION = YES;
				CLANG_WARN_INT_CONVERSION = YES;
				CLANG_WARN_NON_LITERAL_NULL_CONVERSION = YES;
				CLANG_WARN_OBJC_IMPLICIT_RETAIN_SELF = YES;
				CLANG_WARN_OBJC_LITERAL_CONVERSION = YES;
				CLANG_WARN_OBJC_ROOT_CLASS = YES_ERROR;
				CLANG_WARN_QUOTED_INCLUDE_IN_FRAMEWORK_HEADER = YES;
				CLANG_WARN_RANGE_LOOP_ANALYSIS = YES;
				CLANG_WARN_STRICT_PROTOTYPES = YES;
				CLANG_WARN_SUSPICIOUS_MOVE = YES;
				CLANG_WARN_UNGUARDED_AVAILABILITY = YES_AGGRESSIVE;
				CLANG_WARN_UNREACHABLE_CODE = YES;
				CLANG_WARN__DUPLICATE_METHOD_MATCH = YES;
				COPY_PHASE_STRIP = NO;
				DEBUG_INFORMATION_FORMAT = dwarf;
				ENABLE_STRICT_OBJC_MSGSEND = YES;
				ENABLE_TESTABILITY = YES;
				GCC_C_LANGUAGE_STANDARD = gnu11;
				GCC_DYNAMIC_NO_PIC = NO;
				GCC_NO_COMMON_BLOCKS = YES;
				GCC_OPTIMIZATION_LEVEL = 0;
				GCC_PREPROCESSOR_DEFINITIONS = (
					"DEBUG=1",
					"$(inherited)",
				);
				GCC_WARN_64_TO_32_BIT_CONVERSION = YES;
				GCC_WARN_ABOUT_RETURN_TYPE = YES_ERROR;
				GCC_WARN_UNDECLARED_SELECTOR = YES;
				GCC_WARN_UNINITIALIZED_AUTOS = YES_AGGRESSIVE;
				GCC_WARN_UNUSED_FUNCTION = YES;
				GCC_WARN_UNUSED_VARIABLE = YES;
				IPHONEOS_DEPLOYMENT_TARGET = 14.1;
				MTL_ENABLE_DEBUG_INFO = INCLUDE_SOURCE;
				MTL_FAST_MATH = YES;
				ONLY_ACTIVE_ARCH = YES;
				SDKROOT = iphoneos;
				SWIFT_ACTIVE_COMPILATION_CONDITIONS = DEBUG;
				SWIFT_OPTIMIZATION_LEVEL = "-Onone";
			};
			name = Debug;
		};
		57C74696255904DC006A7BAF /* Release */ = {
			isa = XCBuildConfiguration;
			buildSettings = {
				ALWAYS_SEARCH_USER_PATHS = NO;
				CLANG_ANALYZER_NONNULL = YES;
				CLANG_ANALYZER_NUMBER_OBJECT_CONVERSION = YES_AGGRESSIVE;
				CLANG_CXX_LANGUAGE_STANDARD = "gnu++14";
				CLANG_CXX_LIBRARY = "libc++";
				CLANG_ENABLE_MODULES = YES;
				CLANG_ENABLE_OBJC_ARC = YES;
				CLANG_ENABLE_OBJC_WEAK = YES;
				CLANG_WARN_BLOCK_CAPTURE_AUTORELEASING = YES;
				CLANG_WARN_BOOL_CONVERSION = YES;
				CLANG_WARN_COMMA = YES;
				CLANG_WARN_CONSTANT_CONVERSION = YES;
				CLANG_WARN_DEPRECATED_OBJC_IMPLEMENTATIONS = YES;
				CLANG_WARN_DIRECT_OBJC_ISA_USAGE = YES_ERROR;
				CLANG_WARN_DOCUMENTATION_COMMENTS = YES;
				CLANG_WARN_EMPTY_BODY = YES;
				CLANG_WARN_ENUM_CONVERSION = YES;
				CLANG_WARN_INFINITE_RECURSION = YES;
				CLANG_WARN_INT_CONVERSION = YES;
				CLANG_WARN_NON_LITERAL_NULL_CONVERSION = YES;
				CLANG_WARN_OBJC_IMPLICIT_RETAIN_SELF = YES;
				CLANG_WARN_OBJC_LITERAL_CONVERSION = YES;
				CLANG_WARN_OBJC_ROOT_CLASS = YES_ERROR;
				CLANG_WARN_QUOTED_INCLUDE_IN_FRAMEWORK_HEADER = YES;
				CLANG_WARN_RANGE_LOOP_ANALYSIS = YES;
				CLANG_WARN_STRICT_PROTOTYPES = YES;
				CLANG_WARN_SUSPICIOUS_MOVE = YES;
				CLANG_WARN_UNGUARDED_AVAILABILITY = YES_AGGRESSIVE;
				CLANG_WARN_UNREACHABLE_CODE = YES;
				CLANG_WARN__DUPLICATE_METHOD_MATCH = YES;
				COPY_PHASE_STRIP = NO;
				DEBUG_INFORMATION_FORMAT = "dwarf-with-dsym";
				ENABLE_NS_ASSERTIONS = NO;
				ENABLE_STRICT_OBJC_MSGSEND = YES;
				GCC_C_LANGUAGE_STANDARD = gnu11;
				GCC_NO_COMMON_BLOCKS = YES;
				GCC_WARN_64_TO_32_BIT_CONVERSION = YES;
				GCC_WARN_ABOUT_RETURN_TYPE = YES_ERROR;
				GCC_WARN_UNDECLARED_SELECTOR = YES;
				GCC_WARN_UNINITIALIZED_AUTOS = YES_AGGRESSIVE;
				GCC_WARN_UNUSED_FUNCTION = YES;
				GCC_WARN_UNUSED_VARIABLE = YES;
				IPHONEOS_DEPLOYMENT_TARGET = 14.1;
				MTL_ENABLE_DEBUG_INFO = NO;
				MTL_FAST_MATH = YES;
				SDKROOT = iphoneos;
				SWIFT_COMPILATION_MODE = wholemodule;
				SWIFT_OPTIMIZATION_LEVEL = "-O";
				VALIDATE_PRODUCT = YES;
			};
			name = Release;
		};
		57C74698255904DC006A7BAF /* Debug */ = {
			isa = XCBuildConfiguration;
			buildSettings = {
				ASSETCATALOG_COMPILER_APPICON_NAME = AppIcon;
				ASSETCATALOG_COMPILER_GLOBAL_ACCENT_COLOR_NAME = AccentColor;
				CODE_SIGN_STYLE = Automatic;
				DEVELOPMENT_TEAM = N59Q2QVW76;
				INFOPLIST_FILE = dummyplaygroundiOS/Info.plist;
				LD_RUNPATH_SEARCH_PATHS = (
					"$(inherited)",
					"@executable_path/Frameworks",
				);
				PRODUCT_BUNDLE_IDENTIFIER = com.muhammadalfaraby.dummyplaygroundiOS;
				PRODUCT_NAME = "$(TARGET_NAME)";
				SWIFT_VERSION = 5.0;
				TARGETED_DEVICE_FAMILY = "1,2";
			};
			name = Debug;
		};
		57C74699255904DC006A7BAF /* Release */ = {
			isa = XCBuildConfiguration;
			buildSettings = {
				ASSETCATALOG_COMPILER_APPICON_NAME = AppIcon;
				ASSETCATALOG_COMPILER_GLOBAL_ACCENT_COLOR_NAME = AccentColor;
				CODE_SIGN_STYLE = Automatic;
				DEVELOPMENT_TEAM = N59Q2QVW76;
				INFOPLIST_FILE = dummyplaygroundiOS/Info.plist;
				LD_RUNPATH_SEARCH_PATHS = (
					"$(inherited)",
					"@executable_path/Frameworks",
				);
				PRODUCT_BUNDLE_IDENTIFIER = com.muhammadalfaraby.dummyplaygroundiOS;
				PRODUCT_NAME = "$(TARGET_NAME)";
				SWIFT_VERSION = 5.0;
				TARGETED_DEVICE_FAMILY = "1,2";
			};
			name = Release;
		};
/* End XCBuildConfiguration section */

/* Begin XCConfigurationList section */
		57C7467E255904DB006A7BAF /* Build configuration list for PBXProject "dummyplaygroundiOS" */ = {
			isa = XCConfigurationList;
			buildConfigurations = (
				57C74695255904DC006A7BAF /* Debug */,
				57C74696255904DC006A7BAF /* Release */,
			);
			defaultConfigurationIsVisible = 0;
			defaultConfigurationName = Release;
		};
		57C74697255904DC006A7BAF /* Build configuration list for PBXNativeTarget "dummyplaygroundiOS" */ = {
			isa = XCConfigurationList;
			buildConfigurations = (
				57C74698255904DC006A7BAF /* Debug */,
				57C74699255904DC006A7BAF /* Release */,
			);
			defaultConfigurationIsVisible = 0;
			defaultConfigurationName = Release;
		};
/* End XCConfigurationList section */
	};
	rootObject = 57C7467B255904DB006A7BAF /* Project object */;
}
